github.com/google/go-cmp v0.5.5 h1:Khx7svrCpmxxtHBq5j2mp/xVjsi8hQMfNLvJFAlrGgU=
github.com/google/go-cmp v0.5.5/go.mod h1:v8dTdLbMG2kIc/vJvl+f65V22dbkXbowE6jgT/gNBxE=
github.com/google/uuid v1.6.0 h1:NIvaJDMOsjHA8n1jAhLSgzrAzy1Hgr+hNrb57e+94F0=
github.com/google/uuid v1.6.0/go.mod h1:TIyPZe4MgqvfeYDBFedMoGGpEw/LqOeaOT+nhxU+yHo=
github.com/saichler/l8test v0.0.0-20250325003525-28895eb7e99a h1:iv8l59quXrIDEoejELyVuv0gkTttRginxiBN/YNUc3c=
github.com/saichler/l8test v0.0.0-20250325003525-28895eb7e99a/go.mod h1:C4B8Zpv0L/Di/qB0lOWHOXF3r3Pz/6Oabu730TthWsc=
github.com/saichler/layer8/go v0.0.0-20250326140701-4b8fd41ad85c h1:msJIyPs4xf3n+dO8LFAqFpytlfIPqXSDTgXKeh3+1ok=
github.com/saichler/layer8/go v0.0.0-20250326140701-4b8fd41ad85c/go.mod h1:KTr7dhKS0HRksf+RJgpq/QYnB1D+OcfVNp7IUwhu2LA=
github.com/saichler/reflect/go v0.0.0-20250326150136-4992ad9ca4ec h1:LLHv5qjirqw7uWS/YEeN2wqKgDiX/fl5yfHvjT2en7M=
github.com/saichler/reflect/go v0.0.0-20250326150136-4992ad9ca4ec/go.mod h1:KX2tf/lD3b5s+DZmlBtwNxyv53D14ZifXACf/Jna/0Q=
github.com/saichler/servicepoints/go v0.0.0-20250326141317-76cab4f84fac h1:YXEzW7yCAlouYottZRCuiHDlbpSE8fqr0189h76wd90=
github.com/saichler/servicepoints/go v0.0.0-20250326141317-76cab4f84fac/go.mod h1:ulpMUHBCRXDnH2qKBWQ4ggJTFs0zvl+bhHAE9vXagu8=
github.com/saichler/shared/go v0.0.0-20250325020725-e996ba087e15 h1:NuKVr+4BYNBoX5dEJJaxBtny0bMKv7QF17Yzn87xILI=
github.com/saichler/shared/go v0.0.0-20250325020725-e996ba087e15/go.mod h1:+uTqwscnzORjoz5L1uJsswFF0tj1zwO3KzmBXbWkz6k=
github.com/saichler/types/go v0.0.0-20250326150909-a15e610310da h1:YF1wPdhcW/GOVJQZAcXSU7Y92JhZszhbpjIhHSiU0s0=
github.com/saichler/types/go v0.0.0-20250326150909-a15e610310da/go.mod h1:VXMfoEKBR24gtmrpXM8fbOoleMax4m6ppGfitba9BjA=
golang.org/x/xerrors v0.0.0-20191204190536-9bdfabe68543 h1:E7g+9GITq07hpfrRu66IVDexMakfv52eLZ2CXBWiKr4=
golang.org/x/xerrors v0.0.0-20191204190536-9bdfabe68543/go.mod h1:I/5z698sn9Ka8TeJc9MKroUUfqBBauWjQqLJ2OPfmY0=
google.golang.org/protobuf v1.36.6 h1:z1NpPI8ku2WgiWnf+t9wTPsn6eP1L7ksHUlkfLvd9xY=
google.golang.org/protobuf v1.36.6/go.mod h1:jduwjTPXsFjZGTmRluh+L6NjiWu7pchiJ2/5YcXBHnY=
